
Microsoft Visual Studio Solution File, Format Version 12.00
# Visual Studio Version 16
VisualStudioVersion = 16.0.29728.190
MinimumVisualStudioVersion = 10.0.40219.1
Project("{FAE04EC0-301F-11D3-BF4B-00C04F79EFBC}") = "Assignment", "Assignment.csproj", "{1CDCCA3A-691C-4AD4-A690-2FD9DDC2BA1C}"
EndProject
Global
	GlobalSection(SolutionConfigurationPlatforms) = preSolution
		Debug|Any CPU = Debug|Any CPU
		Release|Any CPU = Release|Any CPU
	EndGlobalSection
	GlobalSection(ProjectConfigurationPlatforms) = postSolution
		{1CDCCA3A-691C-4AD4-A690-2FD9DDC2BA1C}.Debug|Any CPU.ActiveCfg = Debug|Any CPU
		{1CDCCA3A-691C-4AD4-A690-2FD9DDC2BA1C}.Debug|Any CPU.Build.0 = Debug|Any CPU
		{1CDCCA3A-691C-4AD4-A690-2FD9DDC2BA1C}.Release|Any CPU.ActiveCfg = Release|Any CPU
		{1CDCCA3A-691C-4AD4-A690-2FD9DDC2BA1C}.Release|Any CPU.Build.0 = Release|Any CPU
	EndGlobalSection
	GlobalSection(SolutionProperties) = preSolution
		HideSolutionNode = FALSE
	EndGlobalSection
	GlobalSection(ExtensibilityGlobals) = postSolution
		SolutionGuid = {541F34A4-7070-4D25-B943-BA650889E572}
	EndGlobalSection
EndGlobal
